speakeasyVersion: 1.445.1
sources:
    petstore-oas:
        sourceNamespace: petstore-oas
        sourceRevisionDigest: sha256:230d5d45076709bcfced49a43b70ddce6040a7fa96f5bdb23cff18f1fb609297
        sourceBlobDigest: sha256:a2ecd6ed65ae3d4de5cf433fc614fc3f3d6f14a2e454aead28c5e2021361c776
        tags:
            - latest
            - 1.0.0
targets:
    petstore:
        source: petstore-oas
        sourceNamespace: petstore-oas
        sourceRevisionDigest: sha256:230d5d45076709bcfced49a43b70ddce6040a7fa96f5bdb23cff18f1fb609297
        sourceBlobDigest: sha256:a2ecd6ed65ae3d4de5cf433fc614fc3f3d6f14a2e454aead28c5e2021361c776
        codeSamplesNamespace: petstore-oas-code-samples
        codeSamplesRevisionDigest: sha256:a8ed22e6ae03da105d9517f727bb0f81173784327c391282cf34f5fe8f74db69
workflow:
    workflowVersion: 1.0.0
    speakeasyVersion: latest
    sources:
        petstore-oas:
            inputs:
                - location: openapi.yaml
            overlays:
                - location: .speakeasy/speakeasy-modifications-overlay.yaml
            registry:
                location: registry.speakeasyapi.dev/playground-wnq/playground-testing/petstore-oas
    targets:
        petstore:
            target: typescript
            source: petstore-oas
            codeSamples:
                registry:
                    location: registry.speakeasyapi.dev/playground-wnq/playground-testing/petstore-oas-code-samples
                blocking: false
