speakeasyVersion: 1.445.2
sources:
    petstore-oas:
        sourceNamespace: petstore-oas
        sourceRevisionDigest: sha256:5ac3c9a1c538f41f99c242b9cebbd76868d3732e6d1d647a90b3edcd65a709d9
        sourceBlobDigest: sha256:2d1064990c323a35b347fa0f04d6c2c32237631c0843a0adb748b1a2830a73bd
        tags:
            - latest
            - 1.0.0
targets:
    petstore:
        source: petstore-oas
        sourceNamespace: petstore-oas
        sourceRevisionDigest: sha256:5ac3c9a1c538f41f99c242b9cebbd76868d3732e6d1d647a90b3edcd65a709d9
        sourceBlobDigest: sha256:2d1064990c323a35b347fa0f04d6c2c32237631c0843a0adb748b1a2830a73bd
        codeSamplesNamespace: petstore-oas-code-samples
        codeSamplesRevisionDigest: sha256:ffa5ded5cae0e547d7b945e2fc466a3600566acb427ea635f6beb62fbfaf7cfb
workflow:
    workflowVersion: 1.0.0
    speakeasyVersion: latest
    sources:
        petstore-oas:
            inputs:
                - location: openapi.yaml
            overlays:
                - location: .speakeasy/speakeasy-modifications-overlay.yaml
            registry:
                location: registry.speakeasyapi.dev/playground-wnq/playground-testing/petstore-oas
    targets:
        petstore:
            target: typescript
            source: petstore-oas
            codeSamples:
                registry:
                    location: registry.speakeasyapi.dev/playground-wnq/playground-testing/petstore-oas-code-samples
                blocking: false
