speakeasyVersion: 1.541.1
sources:
    petstore-oas:
        sourceNamespace: petstore-oas
        sourceRevisionDigest: sha256:78ae0893316b758737fe339d9cf01c517399b30fb1cf1338f6cc88ce041768cb
        sourceBlobDigest: sha256:f70854760969603e73716b98e7731dbc2cba5a63ab84557c527693c41e2f2b5a
        tags:
            - latest
            - 1.0.0
targets:
    petstore:
        source: petstore-oas
        sourceNamespace: petstore-oas
        sourceRevisionDigest: sha256:78ae0893316b758737fe339d9cf01c517399b30fb1cf1338f6cc88ce041768cb
        sourceBlobDigest: sha256:f70854760969603e73716b98e7731dbc2cba5a63ab84557c527693c41e2f2b5a
        codeSamplesNamespace: petstore-oas-typescript-code-samples
        codeSamplesRevisionDigest: sha256:0fb9ac6674162c13f7b461067d5efe248dbfe1a0ac4fc7f2ceae24beb20a7254
workflow:
    workflowVersion: 1.0.0
    speakeasyVersion: latest
    sources:
        petstore-oas:
            inputs:
                - location: openapi.yaml
            overlays:
                - location: .speakeasy/speakeasy-modifications-overlay.yaml
            registry:
                location: registry.speakeasyapi.dev/playground-wnq/playground-testing/petstore-oas
    targets:
        petstore:
            target: typescript
            source: petstore-oas
            codeSamples:
                registry:
                    location: registry.speakeasyapi.dev/playground-wnq/playground-testing/petstore-oas-typescript-code-samples
                blocking: false
